// !$*UTF8*$!
{
	archiveVersion = 1;
	classes = {
	};
	objectVersion = 50;
	objects = {

/* Begin PBXBuildFile section */
		3A7899CD21C78DA100D9EF4C /* RoundedBackgroundView.swift in Sources */ = {isa = PBXBuildFile; fileRef = 3A7899CC21C78DA100D9EF4C /* RoundedBackgroundView.swift */; };
		3A7899CF21C7921B00D9EF4C /* ConcentrationGridView.swift in Sources */ = {isa = PBXBuildFile; fileRef = 3A7899CE21C7921B00D9EF4C /* ConcentrationGridView.swift */; };
		3A7899D121C89FCA00D9EF4C /* ConcentrationTile.swift in Sources */ = {isa = PBXBuildFile; fileRef = 3A7899D021C89FCA00D9EF4C /* ConcentrationTile.swift */; };
		3A7899D321C8C7CF00D9EF4C /* ConcentrationModel.swift in Sources */ = {isa = PBXBuildFile; fileRef = 3A7899D221C8C7CF00D9EF4C /* ConcentrationModel.swift */; };
		3AC9BE0021C7643000858240 /* AppDelegate.swift in Sources */ = {isa = PBXBuildFile; fileRef = 3AC9BDFF21C7643000858240 /* AppDelegate.swift */; };
		3AC9BE0221C7643000858240 /* HomeViewController.swift in Sources */ = {isa = PBXBuildFile; fileRef = 3AC9BE0121C7643000858240 /* HomeViewController.swift */; };
		3AC9BE0721C7643100858240 /* Assets.xcassets in Resources */ = {isa = PBXBuildFile; fileRef = 3AC9BE0621C7643100858240 /* Assets.xcassets */; };
		3AC9BE0A21C7643100858240 /* LaunchScreen.storyboard in Resources */ = {isa = PBXBuildFile; fileRef = 3AC9BE0821C7643100858240 /* LaunchScreen.storyboard */; };
		3AC9BE1521C7643200858240 /* ConcentrationTests.swift in Sources */ = {isa = PBXBuildFile; fileRef = 3AC9BE1421C7643200858240 /* ConcentrationTests.swift */; };
		3AC9BE2121C7664F00858240 /* GameSelectViewController.swift in Sources */ = {isa = PBXBuildFile; fileRef = 3AC9BE1F21C7664F00858240 /* GameSelectViewController.swift */; };
		3AC9BE2221C7664F00858240 /* GameSelectViewController.xib in Resources */ = {isa = PBXBuildFile; fileRef = 3AC9BE2021C7664F00858240 /* GameSelectViewController.xib */; };
		3AC9BE2421C7667900858240 /* HomeViewController.xib in Resources */ = {isa = PBXBuildFile; fileRef = 3AC9BE2321C7667900858240 /* HomeViewController.xib */; };
		3AC9BE2721C766D700858240 /* GameMainViewController.swift in Sources */ = {isa = PBXBuildFile; fileRef = 3AC9BE2521C766D700858240 /* GameMainViewController.swift */; };
		3AC9BE2821C766D700858240 /* GameMainViewController.xib in Resources */ = {isa = PBXBuildFile; fileRef = 3AC9BE2621C766D700858240 /* GameMainViewController.xib */; };
		3AC9BE2B21C7697300858240 /* HistoryViewController.swift in Sources */ = {isa = PBXBuildFile; fileRef = 3AC9BE2921C7697300858240 /* HistoryViewController.swift */; };
		3AC9BE2C21C7697300858240 /* HistoryViewController.xib in Resources */ = {isa = PBXBuildFile; fileRef = 3AC9BE2A21C7697300858240 /* HistoryViewController.xib */; };
/* End PBXBuildFile section */

/* Begin PBXContainerItemProxy section */
		3AC9BE1121C7643200858240 /* PBXContainerItemProxy */ = {
			isa = PBXContainerItemProxy;
			containerPortal = 3AC9BDF421C7643000858240 /* Project object */;
			proxyType = 1;
			remoteGlobalIDString = 3AC9BDFB21C7643000858240;
			remoteInfo = Concentration;
		};
/* End PBXContainerItemProxy section */

/* Begin PBXFileReference section */
		3A7899CC21C78DA100D9EF4C /* RoundedBackgroundView.swift */ = {isa = PBXFileReference; lastKnownFileType = sourcecode.swift; path = RoundedBackgroundView.swift; sourceTree = "<group>"; };
		3A7899CE21C7921B00D9EF4C /* ConcentrationGridView.swift */ = {isa = PBXFileReference; lastKnownFileType = sourcecode.swift; path = ConcentrationGridView.swift; sourceTree = "<group>"; };
		3A7899D021C89FCA00D9EF4C /* ConcentrationTile.swift */ = {isa = PBXFileReference; lastKnownFileType = sourcecode.swift; path = ConcentrationTile.swift; sourceTree = "<group>"; };
		3A7899D221C8C7CF00D9EF4C /* ConcentrationModel.swift */ = {isa = PBXFileReference; lastKnownFileType = sourcecode.swift; path = ConcentrationModel.swift; sourceTree = "<group>"; };
		3AC9BDFC21C7643000858240 /* Concentration.app */ = {isa = PBXFileReference; explicitFileType = wrapper.application; includeInIndex = 0; path = Concentration.app; sourceTree = BUILT_PRODUCTS_DIR; };
		3AC9BDFF21C7643000858240 /* AppDelegate.swift */ = {isa = PBXFileReference; lastKnownFileType = sourcecode.swift; path = AppDelegate.swift; sourceTree = "<group>"; };
		3AC9BE0121C7643000858240 /* HomeViewController.swift */ = {isa = PBXFileReference; lastKnownFileType = sourcecode.swift; path = HomeViewController.swift; sourceTree = "<group>"; };
		3AC9BE0621C7643100858240 /* Assets.xcassets */ = {isa = PBXFileReference; lastKnownFileType = folder.assetcatalog; path = Assets.xcassets; sourceTree = "<group>"; };
		3AC9BE0921C7643100858240 /* Base */ = {isa = PBXFileReference; lastKnownFileType = file.storyboard; name = Base; path = Base.lproj/LaunchScreen.storyboard; sourceTree = "<group>"; };
		3AC9BE0B21C7643100858240 /* Info.plist */ = {isa = PBXFileReference; lastKnownFileType = text.plist.xml; path = Info.plist; sourceTree = "<group>"; };
		3AC9BE1021C7643200858240 /* ConcentrationTests.xctest */ = {isa = PBXFileReference; explicitFileType = wrapper.cfbundle; includeInIndex = 0; path = ConcentrationTests.xctest; sourceTree = BUILT_PRODUCTS_DIR; };
		3AC9BE1421C7643200858240 /* ConcentrationTests.swift */ = {isa = PBXFileReference; lastKnownFileType = sourcecode.swift; path = ConcentrationTests.swift; sourceTree = "<group>"; };
		3AC9BE1621C7643200858240 /* Info.plist */ = {isa = PBXFileReference; lastKnownFileType = text.plist.xml; path = Info.plist; sourceTree = "<group>"; };
		3AC9BE1F21C7664F00858240 /* GameSelectViewController.swift */ = {isa = PBXFileReference; lastKnownFileType = sourcecode.swift; path = GameSelectViewController.swift; sourceTree = "<group>"; };
		3AC9BE2021C7664F00858240 /* GameSelectViewController.xib */ = {isa = PBXFileReference; lastKnownFileType = file.xib; path = GameSelectViewController.xib; sourceTree = "<group>"; };
		3AC9BE2321C7667900858240 /* HomeViewController.xib */ = {isa = PBXFileReference; lastKnownFileType = file.xib; path = HomeViewController.xib; sourceTree = "<group>"; };
		3AC9BE2521C766D700858240 /* GameMainViewController.swift */ = {isa = PBXFileReference; lastKnownFileType = sourcecode.swift; path = GameMainViewController.swift; sourceTree = "<group>"; };
		3AC9BE2621C766D700858240 /* GameMainViewController.xib */ = {isa = PBXFileReference; lastKnownFileType = file.xib; path = GameMainViewController.xib; sourceTree = "<group>"; };
		3AC9BE2921C7697300858240 /* HistoryViewController.swift */ = {isa = PBXFileReference; lastKnownFileType = sourcecode.swift; path = HistoryViewController.swift; sourceTree = "<group>"; };
		3AC9BE2A21C7697300858240 /* HistoryViewController.xib */ = {isa = PBXFileReference; lastKnownFileType = file.xib; path = HistoryViewController.xib; sourceTree = "<group>"; };
/* End PBXFileReference section */

/* Begin PBXFrameworksBuildPhase section */
		3AC9BDF921C7643000858240 /* Frameworks */ = {
			isa = PBXFrameworksBuildPhase;
			buildActionMask = 2147483647;
			files = (
			);
			runOnlyForDeploymentPostprocessing = 0;
		};
		3AC9BE0D21C7643200858240 /* Frameworks */ = {
			isa = PBXFrameworksBuildPhase;
			buildActionMask = 2147483647;
			files = (
			);
			runOnlyForDeploymentPostprocessing = 0;
		};
/* End PBXFrameworksBuildPhase section */

/* Begin PBXGroup section */
		3A7899CB21C78D8000D9EF4C /* Custom Views */ = {
			isa = PBXGroup;
			children = (
				3A7899CC21C78DA100D9EF4C /* RoundedBackgroundView.swift */,
				3A7899CE21C7921B00D9EF4C /* ConcentrationGridView.swift */,
				3A7899D021C89FCA00D9EF4C /* ConcentrationTile.swift */,
			);
			path = "Custom Views";
			sourceTree = "<group>";
		};
		3AC9BDF321C7643000858240 = {
			isa = PBXGroup;
			children = (
				3AC9BDFE21C7643000858240 /* Concentration */,
				3AC9BE1321C7643200858240 /* ConcentrationTests */,
				3AC9BDFD21C7643000858240 /* Products */,
			);
			sourceTree = "<group>";
		};
		3AC9BDFD21C7643000858240 /* Products */ = {
			isa = PBXGroup;
			children = (
				3AC9BDFC21C7643000858240 /* Concentration.app */,
				3AC9BE1021C7643200858240 /* ConcentrationTests.xctest */,
			);
			name = Products;
			sourceTree = "<group>";
		};
		3AC9BDFE21C7643000858240 /* Concentration */ = {
			isa = PBXGroup;
			children = (
				3A7899D221C8C7CF00D9EF4C /* ConcentrationModel.swift */,
				3A7899CB21C78D8000D9EF4C /* Custom Views */,
				3AC9BDFF21C7643000858240 /* AppDelegate.swift */,
				3AC9BE0621C7643100858240 /* Assets.xcassets */,
				3AC9BE0821C7643100858240 /* LaunchScreen.storyboard */,
				3AC9BE0B21C7643100858240 /* Info.plist */,
				3AC9BE1F21C7664F00858240 /* GameSelectViewController.swift */,
				3AC9BE2021C7664F00858240 /* GameSelectViewController.xib */,
				3AC9BE0121C7643000858240 /* HomeViewController.swift */,
				3AC9BE2321C7667900858240 /* HomeViewController.xib */,
				3AC9BE2521C766D700858240 /* GameMainViewController.swift */,
				3AC9BE2621C766D700858240 /* GameMainViewController.xib */,
				3AC9BE2921C7697300858240 /* HistoryViewController.swift */,
				3AC9BE2A21C7697300858240 /* HistoryViewController.xib */,
			);
			path = Concentration;
			sourceTree = "<group>";
		};
		3AC9BE1321C7643200858240 /* ConcentrationTests */ = {
			isa = PBXGroup;
			children = (
				3AC9BE1421C7643200858240 /* ConcentrationTests.swift */,
				3AC9BE1621C7643200858240 /* Info.plist */,
			);
			path = ConcentrationTests;
			sourceTree = "<group>";
		};
/* End PBXGroup section */

/* Begin PBXNativeTarget section */
		3AC9BDFB21C7643000858240 /* Concentration */ = {
			isa = PBXNativeTarget;
			buildConfigurationList = 3AC9BE1921C7643200858240 /* Build configuration list for PBXNativeTarget "Concentration" */;
			buildPhases = (
				3AC9BDF821C7643000858240 /* Sources */,
				3AC9BDF921C7643000858240 /* Frameworks */,
				3AC9BDFA21C7643000858240 /* Resources */,
			);
			buildRules = (
			);
			dependencies = (
			);
			name = Concentration;
			productName = Concentration;
			productReference = 3AC9BDFC21C7643000858240 /* Concentration.app */;
			productType = "com.apple.product-type.application";
		};
		3AC9BE0F21C7643200858240 /* ConcentrationTests */ = {
			isa = PBXNativeTarget;
			buildConfigurationList = 3AC9BE1C21C7643200858240 /* Build configuration list for PBXNativeTarget "ConcentrationTests" */;
			buildPhases = (
				3AC9BE0C21C7643200858240 /* Sources */,
				3AC9BE0D21C7643200858240 /* Frameworks */,
				3AC9BE0E21C7643200858240 /* Resources */,
			);
			buildRules = (
			);
			dependencies = (
				3AC9BE1221C7643200858240 /* PBXTargetDependency */,
			);
			name = ConcentrationTests;
			productName = ConcentrationTests;
			productReference = 3AC9BE1021C7643200858240 /* ConcentrationTests.xctest */;
			productType = "com.apple.product-type.bundle.unit-test";
		};
/* End PBXNativeTarget section */

/* Begin PBXProject section */
		3AC9BDF421C7643000858240 /* Project object */ = {
			isa = PBXProject;
			attributes = {
				LastSwiftUpdateCheck = 1010;
				LastUpgradeCheck = 1010;
				ORGANIZATIONNAME = AYOH;
				TargetAttributes = {
					3AC9BDFB21C7643000858240 = {
						CreatedOnToolsVersion = 10.1;
					};
					3AC9BE0F21C7643200858240 = {
						CreatedOnToolsVersion = 10.1;
						TestTargetID = 3AC9BDFB21C7643000858240;
					};
				};
			};
			buildConfigurationList = 3AC9BDF721C7643000858240 /* Build configuration list for PBXProject "Concentration" */;
			compatibilityVersion = "Xcode 9.3";
			developmentRegion = en;
			hasScannedForEncodings = 0;
			knownRegions = (
				en,
				Base,
			);
			mainGroup = 3AC9BDF321C7643000858240;
			productRefGroup = 3AC9BDFD21C7643000858240 /* Products */;
			projectDirPath = "";
			projectRoot = "";
			targets = (
				3AC9BDFB21C7643000858240 /* Concentration */,
				3AC9BE0F21C7643200858240 /* ConcentrationTests */,
			);
		};
/* End PBXProject section */

/* Begin PBXResourcesBuildPhase section */
		3AC9BDFA21C7643000858240 /* Resources */ = {
			isa = PBXResourcesBuildPhase;
			buildActionMask = 2147483647;
			files = (
				3AC9BE0A21C7643100858240 /* LaunchScreen.storyboard in Resources */,
				3AC9BE0721C7643100858240 /* Assets.xcassets in Resources */,
				3AC9BE2821C766D700858240 /* GameMainViewController.xib in Resources */,
				3AC9BE2421C7667900858240 /* HomeViewController.xib in Resources */,
				3AC9BE2221C7664F00858240 /* GameSelectViewController.xib in Resources */,
				3AC9BE2C21C7697300858240 /* HistoryViewController.xib in Resources */,
			);
			runOnlyForDeploymentPostprocessing = 0;
		};
		3AC9BE0E21C7643200858240 /* Resources */ = {
			isa = PBXResourcesBuildPhase;
			buildActionMask = 2147483647;
			files = (
			);
			runOnlyForDeploymentPostprocessing = 0;
		};
/* End PBXResourcesBuildPhase section */

/* Begin PBXSourcesBuildPhase section */
		3AC9BDF821C7643000858240 /* Sources */ = {
			isa = PBXSourcesBuildPhase;
			buildActionMask = 2147483647;
			files = (
				3AC9BE0221C7643000858240 /* HomeViewController.swift in Sources */,
				3AC9BE2721C766D700858240 /* GameMainViewController.swift in Sources */,
				3AC9BE0021C7643000858240 /* AppDelegate.swift in Sources */,
				3AC9BE2B21C7697300858240 /* HistoryViewController.swift in Sources */,
				3A7899D321C8C7CF00D9EF4C /* ConcentrationModel.swift in Sources */,
				3A7899CD21C78DA100D9EF4C /* RoundedBackgroundView.swift in Sources */,
				3AC9BE2121C7664F00858240 /* GameSelectViewController.swift in Sources */,
				3A7899CF21C7921B00D9EF4C /* ConcentrationGridView.swift in Sources */,
				3A7899D121C89FCA00D9EF4C /* ConcentrationTile.swift in Sources */,
			);
			runOnlyForDeploymentPostprocessing = 0;
		};
		3AC9BE0C21C7643200858240 /* Sources */ = {
			isa = PBXSourcesBuildPhase;
			buildActionMask = 2147483647;
			files = (
				3AC9BE1521C7643200858240 /* ConcentrationTests.swift in Sources */,
			);
			runOnlyForDeploymentPostprocessing = 0;
		};
/* End PBXSourcesBuildPhase section */

/* Begin PBXTargetDependency section */
		3AC9BE1221C7643200858240 /* PBXTargetDependency */ = {
			isa = PBXTargetDependency;
			target = 3AC9BDFB21C7643000858240 /* Concentration */;
			targetProxy = 3AC9BE1121C7643200858240 /* PBXContainerItemProxy */;
		};
/* End PBXTargetDependency section */

/* Begin PBXVariantGroup section */
		3AC9BE0821C7643100858240 /* LaunchScreen.storyboard */ = {
			isa = PBXVariantGroup;
			children = (
				3AC9BE0921C7643100858240 /* Base */,
			);
			name = LaunchScreen.storyboard;
			sourceTree = "<group>";
		};
/* End PBXVariantGroup section */

/* Begin XCBuildConfiguration section */
		3AC9BE1721C7643200858240 /* Debug */ = {
			isa = XCBuildConfiguration;
			buildSettings = {
				ALWAYS_SEARCH_USER_PATHS = NO;
				CLANG_ANALYZER_NONNULL = YES;
				CLANG_ANALYZER_NUMBER_OBJECT_CONVERSION = YES_AGGRESSIVE;
				CLANG_CXX_LANGUAGE_STANDARD = "gnu++14";
				CLANG_CXX_LIBRARY = "libc++";
				CLANG_ENABLE_MODULES = YES;
				CLANG_ENABLE_OBJC_ARC = YES;
				CLANG_ENABLE_OBJC_WEAK = YES;
				CLANG_WARN_BLOCK_CAPTURE_AUTORELEASING = YES;
				CLANG_WARN_BOOL_CONVERSION = YES;
				CLANG_WARN_COMMA = YES;
				CLANG_WARN_CONSTANT_CONVERSION = YES;
				CLANG_WARN_DEPRECATED_OBJC_IMPLEMENTATIONS = YES;
				CLANG_WARN_DIRECT_OBJC_ISA_USAGE = YES_ERROR;
				CLANG_WARN_DOCUMENTATION_COMMENTS = YES;
				CLANG_WARN_EMPTY_BODY = YES;
				CLANG_WARN_ENUM_CONVERSION = YES;
				CLANG_WARN_INFINITE_RECURSION = YES;
				CLANG_WARN_INT_CONVERSION = YES;
				CLANG_WARN_NON_LITERAL_NULL_CONVERSION = YES;
				CLANG_WARN_OBJC_IMPLICIT_RETAIN_SELF = YES;
				CLANG_WARN_OBJC_LITERAL_CONVERSION = YES;
				CLANG_WARN_OBJC_ROOT_CLASS = YES_ERROR;
				CLANG_WARN_RANGE_LOOP_ANALYSIS = YES;
				CLANG_WARN_STRICT_PROTOTYPES = YES;
				CLANG_WARN_SUSPICIOUS_MOVE = YES;
				CLANG_WARN_UNGUARDED_AVAILABILITY = YES_AGGRESSIVE;
				CLANG_WARN_UNREACHABLE_CODE = YES;
				CLANG_WARN__DUPLICATE_METHOD_MATCH = YES;
				CODE_SIGN_IDENTITY = "iPhone Developer";
				COPY_PHASE_STRIP = NO;
				DEBUG_INFORMATION_FORMAT = dwarf;
				ENABLE_STRICT_OBJC_MSGSEND = YES;
				ENABLE_TESTABILITY = YES;
				GCC_C_LANGUAGE_STANDARD = gnu11;
				GCC_DYNAMIC_NO_PIC = NO;
				GCC_NO_COMMON_BLOCKS = YES;
				GCC_OPTIMIZATION_LEVEL = 0;
				GCC_PREPROCESSOR_DEFINITIONS = (
					"DEBUG=1",
					"$(inherited)",
				);
				GCC_WARN_64_TO_32_BIT_CONVERSION = YES;
				GCC_WARN_ABOUT_RETURN_TYPE = YES_ERROR;
				GCC_WARN_UNDECLARED_SELECTOR = YES;
				GCC_WARN_UNINITIALIZED_AUTOS = YES_AGGRESSIVE;
				GCC_WARN_UNUSED_FUNCTION = YES;
				GCC_WARN_UNUSED_VARIABLE = YES;
				IPHONEOS_DEPLOYMENT_TARGET = 12.1;
				MTL_ENABLE_DEBUG_INFO = INCLUDE_SOURCE;
				MTL_FAST_MATH = YES;
				ONLY_ACTIVE_ARCH = YES;
				SDKROOT = iphoneos;
				SWIFT_ACTIVE_COMPILATION_CONDITIONS = DEBUG;
				SWIFT_OPTIMIZATION_LEVEL = "-Onone";
			};
			name = Debug;
		};
		3AC9BE1821C7643200858240 /* Release */ = {
			isa = XCBuildConfiguration;
			buildSettings = {
				ALWAYS_SEARCH_USER_PATHS = NO;
				CLANG_ANALYZER_NONNULL = YES;
				CLANG_ANALYZER_NUMBER_OBJECT_CONVERSION = YES_AGGRESSIVE;
				CLANG_CXX_LANGUAGE_STANDARD = "gnu++14";
				CLANG_CXX_LIBRARY = "libc++";
				CLANG_ENABLE_MODULES = YES;
				CLANG_ENABLE_OBJC_ARC = YES;
				CLANG_ENABLE_OBJC_WEAK = YES;
				CLANG_WARN_BLOCK_CAPTURE_AUTORELEASING = YES;
				CLANG_WARN_BOOL_CONVERSION = YES;
				CLANG_WARN_COMMA = YES;
				CLANG_WARN_CONSTANT_CONVERSION = YES;
				CLANG_WARN_DEPRECATED_OBJC_IMPLEMENTATIONS = YES;
				CLANG_WARN_DIRECT_OBJC_ISA_USAGE = YES_ERROR;
				CLANG_WARN_DOCUMENTATION_COMMENTS = YES;
				CLANG_WARN_EMPTY_BODY = YES;
				CLANG_WARN_ENUM_CONVERSION = YES;
				CLANG_WARN_INFINITE_RECURSION = YES;
				CLANG_WARN_INT_CONVERSION = YES;
				CLANG_WARN_NON_LITERAL_NULL_CONVERSION = YES;
				CLANG_WARN_OBJC_IMPLICIT_RETAIN_SELF = YES;
				CLANG_WARN_OBJC_LITERAL_CONVERSION = YES;
				CLANG_WARN_OBJC_ROOT_CLASS = YES_ERROR;
				CLANG_WARN_RANGE_LOOP_ANALYSIS = YES;
				CLANG_WARN_STRICT_PROTOTYPES = YES;
				CLANG_WARN_SUSPICIOUS_MOVE = YES;
				CLANG_WARN_UNGUARDED_AVAILABILITY = YES_AGGRESSIVE;
				CLANG_WARN_UNREACHABLE_CODE = YES;
				CLANG_WARN__DUPLICATE_METHOD_MATCH = YES;
				CODE_SIGN_IDENTITY = "iPhone Developer";
				COPY_PHASE_STRIP = NO;
				DEBUG_INFORMATION_FORMAT = "dwarf-with-dsym";
				ENABLE_NS_ASSERTIONS = NO;
				ENABLE_STRICT_OBJC_MSGSEND = YES;
				GCC_C_LANGUAGE_STANDARD = gnu11;
				GCC_NO_COMMON_BLOCKS = YES;
				GCC_WARN_64_TO_32_BIT_CONVERSION = YES;
				GCC_WARN_ABOUT_RETURN_TYPE = YES_ERROR;
				GCC_WARN_UNDECLARED_SELECTOR = YES;
				GCC_WARN_UNINITIALIZED_AUTOS = YES_AGGRESSIVE;
				GCC_WARN_UNUSED_FUNCTION = YES;
				GCC_WARN_UNUSED_VARIABLE = YES;
				IPHONEOS_DEPLOYMENT_TARGET = 12.1;
				MTL_ENABLE_DEBUG_INFO = NO;
				MTL_FAST_MATH = YES;
				SDKROOT = iphoneos;
				SWIFT_COMPILATION_MODE = wholemodule;
				SWIFT_OPTIMIZATION_LEVEL = "-O";
				VALIDATE_PRODUCT = YES;
			};
			name = Release;
		};
		3AC9BE1A21C7643200858240 /* Debug */ = {
			isa = XCBuildConfiguration;
			buildSettings = {
				ASSETCATALOG_COMPILER_APPICON_NAME = AppIcon;
				CODE_SIGN_STYLE = Automatic;
				INFOPLIST_FILE = Concentration/Info.plist;
				LD_RUNPATH_SEARCH_PATHS = (
					"$(inherited)",
					"@executable_path/Frameworks",
				);
				PRODUCT_BUNDLE_IDENTIFIER = ao.Concentration;
				PRODUCT_NAME = "$(TARGET_NAME)";
				SWIFT_VERSION = 4.2;
				TARGETED_DEVICE_FAMILY = 1;
			};
			name = Debug;
		};
		3AC9BE1B21C7643200858240 /* Release */ = {
			isa = XCBuildConfiguration;
			buildSettings = {
				ASSETCATALOG_COMPILER_APPICON_NAME = AppIcon;
				CODE_SIGN_STYLE = Automatic;
				INFOPLIST_FILE = Concentration/Info.plist;
				LD_RUNPATH_SEARCH_PATHS = (
					"$(inherited)",
					"@executable_path/Frameworks",
				);
				PRODUCT_BUNDLE_IDENTIFIER = ao.Concentration;
				PRODUCT_NAME = "$(TARGET_NAME)";
				SWIFT_VERSION = 4.2;
				TARGETED_DEVICE_FAMILY = 1;
			};
			name = Release;
		};
		3AC9BE1D21C7643200858240 /* Debug */ = {
			isa = XCBuildConfiguration;
			buildSettings = {
				ALWAYS_EMBED_SWIFT_STANDARD_LIBRARIES = YES;
				BUNDLE_LOADER = "$(TEST_HOST)";
				CODE_SIGN_STYLE = Automatic;
				INFOPLIST_FILE = ConcentrationTests/Info.plist;
				LD_RUNPATH_SEARCH_PATHS = (
					"$(inherited)",
					"@executable_path/Frameworks",
					"@loader_path/Frameworks",
				);
				PRODUCT_BUNDLE_IDENTIFIER = ao.ConcentrationTests;
				PRODUCT_NAME = "$(TARGET_NAME)";
				SWIFT_VERSION = 4.2;
				TARGETED_DEVICE_FAMILY = "1,2";
				TEST_HOST = "$(BUILT_PRODUCTS_DIR)/Concentration.app/Concentration";
			};
			name = Debug;
		};
		3AC9BE1E21C7643200858240 /* Release */ = {
			isa = XCBuildConfiguration;
			buildSettings = {
				ALWAYS_EMBED_SWIFT_STANDARD_LIBRARIES = YES;
				BUNDLE_LOADER = "$(TEST_HOST)";
				CODE_SIGN_STYLE = Automatic;
				INFOPLIST_FILE = ConcentrationTests/Info.plist;
				LD_RUNPATH_SEARCH_PATHS = (
					"$(inherited)",
					"@executable_path/Frameworks",
					"@loader_path/Frameworks",
				);
				PRODUCT_BUNDLE_IDENTIFIER = ao.ConcentrationTests;
				PRODUCT_NAME = "$(TARGET_NAME)";
				SWIFT_VERSION = 4.2;
				TARGETED_DEVICE_FAMILY = "1,2";
				TEST_HOST = "$(BUILT_PRODUCTS_DIR)/Concentration.app/Concentration";
			};
			name = Release;
		};
/* End XCBuildConfiguration section */

/* Begin XCConfigurationList section */
		3AC9BDF721C7643000858240 /* Build configuration list for PBXProject "Concentration" */ = {
			isa = XCConfigurationList;
			buildConfigurations = (
				3AC9BE1721C7643200858240 /* Debug */,
				3AC9BE1821C7643200858240 /* Release */,
			);
			defaultConfigurationIsVisible = 0;
			defaultConfigurationName = Release;
		};
		3AC9BE1921C7643200858240 /* Build configuration list for PBXNativeTarget "Concentration" */ = {
			isa = XCConfigurationList;
			buildConfigurations = (
				3AC9BE1A21C7643200858240 /* Debug */,
				3AC9BE1B21C7643200858240 /* Release */,
			);
			defaultConfigurationIsVisible = 0;
			defaultConfigurationName = Release;
		};
		3AC9BE1C21C7643200858240 /* Build configuration list for PBXNativeTarget "ConcentrationTests" */ = {
			isa = XCConfigurationList;
			buildConfigurations = (
				3AC9BE1D21C7643200858240 /* Debug */,
				3AC9BE1E21C7643200858240 /* Release */,
			);
			defaultConfigurationIsVisible = 0;
			defaultConfigurationName = Release;
		};
/* End XCConfigurationList section */
	};
	rootObject = 3AC9BDF421C7643000858240 /* Project object */;
}
